{
  "name": "SevaSetu",
  "lockfileVersion": 3,
  "requires": true,
  "packages": {
    "": {
      "dependencies": {
        "node": "^24.15.0"
      }
    },
    "node_modules/node": {
      "version": "24.15.0",
      "resolved": "https://registry.npmjs.org/node/-/node-24.15.0.tgz",
      "integrity": "sha512-hQ1r8QpNk4lovkBOFSBWqnUcZS4CT5kOx1L35AWcERMK8oDHWYUszsGtFKML+vIIz01pNq7XMoJjeZmRIJc6og==",
      "hasInstallScript": true,
      "license": "MIT",
      "dependencies": {
        "node-bin-setup": "^1.0.0"
      },
      "bin": {
        "node": "bin/node"
      },
      "engines": {
        "npm": ">=5.0.0"
      }
    },
    "node_modules/node-bin-setup": {
      "version": "1.1.4",
      "resolved": "https://registry.npmjs.org/node-bin-setup/-/node-bin-setup-1.1.4.tgz",
      "integrity": "sha512-vWNHOne0ZUavArqPP5LJta50+S8R261Fr5SvGul37HbEDcowvLjwdvd0ZeSr0r2lTSrPxl6okq9QUw8BFGiAxA==",
      "license": "ISC"
    }
  }
}
